{
  "version": 4,
  "terraform_version": "1.6.6",
  "serial": 11,
  "lineage": "a44d7290-a92c-f739-b267-131dac39e8a3",
  "outputs": {},
  "resources": [
    {
      "mode": "managed",
      "type": "google_project",
      "name": "project",
      "provider": "provider[\"registry.terraform.io/hashicorp/google\"]",
      "instances": [
        {
          "schema_version": 1,
          "attributes": {
            "auto_create_network": true,
            "billing_account": null,
            "effective_labels": {},
            "folder_id": null,
            "id": "projects/cm-docsummary",
            "labels": {},
            "name": "DocSummary",
            "number": "749089125902",
            "org_id": null,
            "project_id": "cm-docsummary",
            "skip_delete": null,
            "terraform_labels": {},
            "timeouts": null
          },
          "sensitive_attributes": [],
          "private": "eyJlMmJmYjczMC1lY2FhLTExZTYtOGY4OC0zNDM2M2JjN2M0YzAiOnsiY3JlYXRlIjo2MDAwMDAwMDAwMDAsImRlbGV0ZSI6NjAwMDAwMDAwMDAwLCJyZWFkIjo2MDAwMDAwMDAwMDAsInVwZGF0ZSI6NjAwMDAwMDAwMDAwfSwic2NoZW1hX3ZlcnNpb24iOiIxIn0="
        }
      ]
    },
    {
      "mode": "managed",
      "type": "google_project_iam_member",
      "name": "deployer",
      "provider": "provider[\"registry.terraform.io/hashicorp/google\"]",
      "instances": [
        {
          "schema_version": 0,
          "attributes": {
            "condition": [],
            "etag": "BwYM92Zbm5s=",
            "id": "cm-docsummary/roles/owner/serviceAccount:deployer@cm-docsummary.iam.gserviceaccount.com",
            "member": "serviceAccount:deployer@cm-docsummary.iam.gserviceaccount.com",
            "project": "cm-docsummary",
            "role": "roles/owner"
          },
          "sensitive_attributes": [],
          "private": "bnVsbA==",
          "dependencies": [
            "google_project.project",
            "google_project_service.iam",
            "google_service_account.deployer"
          ]
        }
      ]
    },
    {
      "mode": "managed",
      "type": "google_project_service",
      "name": "iam",
      "provider": "provider[\"registry.terraform.io/hashicorp/google\"]",
      "instances": [
        {
          "schema_version": 0,
          "attributes": {
            "disable_dependent_services": null,
            "disable_on_destroy": true,
            "id": "cm-docsummary/iam.googleapis.com",
            "project": "cm-docsummary",
            "service": "iam.googleapis.com",
            "timeouts": null
          },
          "sensitive_attributes": [],
          "private": "eyJlMmJmYjczMC1lY2FhLTExZTYtOGY4OC0zNDM2M2JjN2M0YzAiOnsiY3JlYXRlIjoxMjAwMDAwMDAwMDAwLCJkZWxldGUiOjEyMDAwMDAwMDAwMDAsInJlYWQiOjYwMDAwMDAwMDAwMCwidXBkYXRlIjoxMjAwMDAwMDAwMDAwfX0="
        }
      ]
    },
    {
      "mode": "managed",
      "type": "google_project_service",
      "name": "storage",
      "provider": "provider[\"registry.terraform.io/hashicorp/google\"]",
      "instances": [
        {
          "schema_version": 0,
          "attributes": {
            "disable_dependent_services": null,
            "disable_on_destroy": true,
            "id": "cm-docsummary/storage.googleapis.com",
            "project": "cm-docsummary",
            "service": "storage.googleapis.com",
            "timeouts": null
          },
          "sensitive_attributes": [],
          "private": "eyJlMmJmYjczMC1lY2FhLTExZTYtOGY4OC0zNDM2M2JjN2M0YzAiOnsiY3JlYXRlIjoxMjAwMDAwMDAwMDAwLCJkZWxldGUiOjEyMDAwMDAwMDAwMDAsInJlYWQiOjYwMDAwMDAwMDAwMCwidXBkYXRlIjoxMjAwMDAwMDAwMDAwfX0="
        }
      ]
    },
    {
      "mode": "managed",
      "type": "google_service_account",
      "name": "deployer",
      "provider": "provider[\"registry.terraform.io/hashicorp/google\"]",
      "instances": [
        {
          "schema_version": 0,
          "attributes": {
            "account_id": "deployer",
            "description": "",
            "disabled": false,
            "display_name": "",
            "email": "deployer@cm-docsummary.iam.gserviceaccount.com",
            "id": "projects/cm-docsummary/serviceAccounts/deployer@cm-docsummary.iam.gserviceaccount.com",
            "member": "serviceAccount:deployer@cm-docsummary.iam.gserviceaccount.com",
            "name": "projects/cm-docsummary/serviceAccounts/deployer@cm-docsummary.iam.gserviceaccount.com",
            "project": "cm-docsummary",
            "timeouts": null,
            "unique_id": "107530425643395820622"
          },
          "sensitive_attributes": [],
          "private": "eyJlMmJmYjczMC1lY2FhLTExZTYtOGY4OC0zNDM2M2JjN2M0YzAiOnsiY3JlYXRlIjozMDAwMDAwMDAwMDB9fQ==",
          "dependencies": [
            "google_project_service.iam"
          ]
        }
      ]
    },
    {
      "mode": "managed",
      "type": "google_service_account_iam_binding",
      "name": "deployer_impersonators",
      "provider": "provider[\"registry.terraform.io/hashicorp/google\"]",
      "instances": [
        {
          "schema_version": 0,
          "attributes": {
            "condition": [],
            "etag": "BwYM92Ym9Fc=",
            "id": "projects/cm-docsummary/serviceAccounts/deployer@cm-docsummary.iam.gserviceaccount.com/roles/iam.serviceAccountTokenCreator",
            "members": [
              "user:cmc333333@gmail.com"
            ],
            "role": "roles/iam.serviceAccountTokenCreator",
            "service_account_id": "projects/cm-docsummary/serviceAccounts/deployer@cm-docsummary.iam.gserviceaccount.com"
          },
          "sensitive_attributes": [],
          "private": "bnVsbA==",
          "dependencies": [
            "google_project_service.iam",
            "google_service_account.deployer"
          ]
        }
      ]
    },
    {
      "mode": "managed",
      "type": "google_storage_bucket",
      "name": "deployment_state",
      "provider": "provider[\"registry.terraform.io/hashicorp/google\"]",
      "instances": [
        {
          "schema_version": 1,
          "attributes": {
            "autoclass": [],
            "cors": [],
            "custom_placement_config": [],
            "default_event_based_hold": false,
            "effective_labels": {},
            "enable_object_retention": false,
            "encryption": [],
            "force_destroy": false,
            "id": "cm-docsummary-deployment-state",
            "labels": null,
            "lifecycle_rule": [
              {
                "action": [
                  {
                    "storage_class": "",
                    "type": "Delete"
                  }
                ],
                "condition": [
                  {
                    "age": 365,
                    "created_before": "",
                    "custom_time_before": "",
                    "days_since_custom_time": null,
                    "days_since_noncurrent_time": null,
                    "matches_prefix": [],
                    "matches_storage_class": [],
                    "matches_suffix": [],
                    "no_age": null,
                    "noncurrent_time_before": "",
                    "num_newer_versions": null,
                    "with_state": "ARCHIVED"
                  }
                ]
              }
            ],
            "location": "US",
            "logging": [],
            "name": "cm-docsummary-deployment-state",
            "project": "cm-docsummary",
            "public_access_prevention": "inherited",
            "requester_pays": false,
            "retention_policy": [],
            "self_link": "https://www.googleapis.com/storage/v1/b/cm-docsummary-deployment-state",
            "storage_class": "STANDARD",
            "terraform_labels": {},
            "timeouts": null,
            "uniform_bucket_level_access": true,
            "url": "gs://cm-docsummary-deployment-state",
            "versioning": [
              {
                "enabled": true
              }
            ],
            "website": []
          },
          "sensitive_attributes": [],
          "private": "eyJlMmJmYjczMC1lY2FhLTExZTYtOGY4OC0zNDM2M2JjN2M0YzAiOnsiY3JlYXRlIjo2MDAwMDAwMDAwMDAsInJlYWQiOjI0MDAwMDAwMDAwMCwidXBkYXRlIjoyNDAwMDAwMDAwMDB9LCJzY2hlbWFfdmVyc2lvbiI6IjEifQ==",
          "dependencies": [
            "google_project_service.storage"
          ]
        }
      ]
    }
  ],
  "check_results": null
}
